// !$*UTF8*$!
{
	archiveVersion = 1;
	classes = {
	};
	objectVersion = 46;
	objects = {

/* Begin PBXBuildFile section */
		C16EEFCB1F5DFDFC00753CF9 /* AppDelegate.swift in Sources */ = {isa = PBXBuildFile; fileRef = C16EEFCA1F5DFDFC00753CF9 /* AppDelegate.swift */; };
		C16EEFCD1F5DFDFC00753CF9 /* ViewController.swift in Sources */ = {isa = PBXBuildFile; fileRef = C16EEFCC1F5DFDFC00753CF9 /* ViewController.swift */; };
		C16EEFD01F5DFDFC00753CF9 /* Main.storyboard in Resources */ = {isa = PBXBuildFile; fileRef = C16EEFCE1F5DFDFC00753CF9 /* Main.storyboard */; };
		C16EEFD21F5DFDFC00753CF9 /* Assets.xcassets in Resources */ = {isa = PBXBuildFile; fileRef = C16EEFD11F5DFDFC00753CF9 /* Assets.xcassets */; };
		C16EEFD51F5DFDFC00753CF9 /* LaunchScreen.storyboard in Resources */ = {isa = PBXBuildFile; fileRef = C16EEFD31F5DFDFC00753CF9 /* LaunchScreen.storyboard */; };
		C16EEFE01F5DFDFC00753CF9 /* YouAreAwesomeTests.swift in Sources */ = {isa = PBXBuildFile; fileRef = C16EEFDF1F5DFDFC00753CF9 /* YouAreAwesomeTests.swift */; };
		C16EEFEB1F5DFDFC00753CF9 /* YouAreAwesomeUITests.swift in Sources */ = {isa = PBXBuildFile; fileRef = C16EEFEA1F5DFDFC00753CF9 /* YouAreAwesomeUITests.swift */; };
/* End PBXBuildFile section */

/* Begin PBXContainerItemProxy section */
		C16EEFDC1F5DFDFC00753CF9 /* PBXContainerItemProxy */ = {
			isa = PBXContainerItemProxy;
			containerPortal = C16EEFBF1F5DFDFC00753CF9 /* Project object */;
			proxyType = 1;
			remoteGlobalIDString = C16EEFC61F5DFDFC00753CF9;
			remoteInfo = YouAreAwesome;
		};
		C16EEFE71F5DFDFC00753CF9 /* PBXContainerItemProxy */ = {
			isa = PBXContainerItemProxy;
			containerPortal = C16EEFBF1F5DFDFC00753CF9 /* Project object */;
			proxyType = 1;
			remoteGlobalIDString = C16EEFC61F5DFDFC00753CF9;
			remoteInfo = YouAreAwesome;
		};
/* End PBXContainerItemProxy section */

/* Begin PBXFileReference section */
		C16EEFC71F5DFDFC00753CF9 /* YouAreAwesome.app */ = {isa = PBXFileReference; explicitFileType = wrapper.application; includeInIndex = 0; path = YouAreAwesome.app; sourceTree = BUILT_PRODUCTS_DIR; };
		C16EEFCA1F5DFDFC00753CF9 /* AppDelegate.swift */ = {isa = PBXFileReference; lastKnownFileType = sourcecode.swift; path = AppDelegate.swift; sourceTree = "<group>"; };
		C16EEFCC1F5DFDFC00753CF9 /* ViewController.swift */ = {isa = PBXFileReference; lastKnownFileType = sourcecode.swift; path = ViewController.swift; sourceTree = "<group>"; };
		C16EEFCF1F5DFDFC00753CF9 /* Base */ = {isa = PBXFileReference; lastKnownFileType = file.storyboard; name = Base; path = Base.lproj/Main.storyboard; sourceTree = "<group>"; };
		C16EEFD11F5DFDFC00753CF9 /* Assets.xcassets */ = {isa = PBXFileReference; lastKnownFileType = folder.assetcatalog; path = Assets.xcassets; sourceTree = "<group>"; };
		C16EEFD41F5DFDFC00753CF9 /* Base */ = {isa = PBXFileReference; lastKnownFileType = file.storyboard; name = Base; path = Base.lproj/LaunchScreen.storyboard; sourceTree = "<group>"; };
		C16EEFD61F5DFDFC00753CF9 /* Info.plist */ = {isa = PBXFileReference; lastKnownFileType = text.plist.xml; path = Info.plist; sourceTree = "<group>"; };
		C16EEFDB1F5DFDFC00753CF9 /* YouAreAwesomeTests.xctest */ = {isa = PBXFileReference; explicitFileType = wrapper.cfbundle; includeInIndex = 0; path = YouAreAwesomeTests.xctest; sourceTree = BUILT_PRODUCTS_DIR; };
		C16EEFDF1F5DFDFC00753CF9 /* YouAreAwesomeTests.swift */ = {isa = PBXFileReference; lastKnownFileType = sourcecode.swift; path = YouAreAwesomeTests.swift; sourceTree = "<group>"; };
		C16EEFE11F5DFDFC00753CF9 /* Info.plist */ = {isa = PBXFileReference; lastKnownFileType = text.plist.xml; path = Info.plist; sourceTree = "<group>"; };
		C16EEFE61F5DFDFC00753CF9 /* YouAreAwesomeUITests.xctest */ = {isa = PBXFileReference; explicitFileType = wrapper.cfbundle; includeInIndex = 0; path = YouAreAwesomeUITests.xctest; sourceTree = BUILT_PRODUCTS_DIR; };
		C16EEFEA1F5DFDFC00753CF9 /* YouAreAwesomeUITests.swift */ = {isa = PBXFileReference; lastKnownFileType = sourcecode.swift; path = YouAreAwesomeUITests.swift; sourceTree = "<group>"; };
		C16EEFEC1F5DFDFD00753CF9 /* Info.plist */ = {isa = PBXFileReference; lastKnownFileType = text.plist.xml; path = Info.plist; sourceTree = "<group>"; };
/* End PBXFileReference section */

/* Begin PBXFrameworksBuildPhase section */
		C16EEFC41F5DFDFC00753CF9 /* Frameworks */ = {
			isa = PBXFrameworksBuildPhase;
			buildActionMask = 2147483647;
			files = (
			);
			runOnlyForDeploymentPostprocessing = 0;
		};
		C16EEFD81F5DFDFC00753CF9 /* Frameworks */ = {
			isa = PBXFrameworksBuildPhase;
			buildActionMask = 2147483647;
			files = (
			);
			runOnlyForDeploymentPostprocessing = 0;
		};
		C16EEFE31F5DFDFC00753CF9 /* Frameworks */ = {
			isa = PBXFrameworksBuildPhase;
			buildActionMask = 2147483647;
			files = (
			);
			runOnlyForDeploymentPostprocessing = 0;
		};
/* End PBXFrameworksBuildPhase section */

/* Begin PBXGroup section */
		C16EEFBE1F5DFDFC00753CF9 = {
			isa = PBXGroup;
			children = (
				C16EEFC91F5DFDFC00753CF9 /* YouAreAwesome */,
				C16EEFDE1F5DFDFC00753CF9 /* YouAreAwesomeTests */,
				C16EEFE91F5DFDFC00753CF9 /* YouAreAwesomeUITests */,
				C16EEFC81F5DFDFC00753CF9 /* Products */,
			);
			sourceTree = "<group>";
		};
		C16EEFC81F5DFDFC00753CF9 /* Products */ = {
			isa = PBXGroup;
			children = (
				C16EEFC71F5DFDFC00753CF9 /* YouAreAwesome.app */,
				C16EEFDB1F5DFDFC00753CF9 /* YouAreAwesomeTests.xctest */,
				C16EEFE61F5DFDFC00753CF9 /* YouAreAwesomeUITests.xctest */,
			);
			name = Products;
			sourceTree = "<group>";
		};
		C16EEFC91F5DFDFC00753CF9 /* YouAreAwesome */ = {
			isa = PBXGroup;
			children = (
				C16EEFCA1F5DFDFC00753CF9 /* AppDelegate.swift */,
				C16EEFCC1F5DFDFC00753CF9 /* ViewController.swift */,
				C16EEFCE1F5DFDFC00753CF9 /* Main.storyboard */,
				C16EEFD11F5DFDFC00753CF9 /* Assets.xcassets */,
				C16EEFD31F5DFDFC00753CF9 /* LaunchScreen.storyboard */,
				C16EEFD61F5DFDFC00753CF9 /* Info.plist */,
			);
			path = YouAreAwesome;
			sourceTree = "<group>";
		};
		C16EEFDE1F5DFDFC00753CF9 /* YouAreAwesomeTests */ = {
			isa = PBXGroup;
			children = (
				C16EEFDF1F5DFDFC00753CF9 /* YouAreAwesomeTests.swift */,
				C16EEFE11F5DFDFC00753CF9 /* Info.plist */,
			);
			path = YouAreAwesomeTests;
			sourceTree = "<group>";
		};
		C16EEFE91F5DFDFC00753CF9 /* YouAreAwesomeUITests */ = {
			isa = PBXGroup;
			children = (
				C16EEFEA1F5DFDFC00753CF9 /* YouAreAwesomeUITests.swift */,
				C16EEFEC1F5DFDFD00753CF9 /* Info.plist */,
			);
			path = YouAreAwesomeUITests;
			sourceTree = "<group>";
		};
/* End PBXGroup section */

/* Begin PBXNativeTarget section */
		C16EEFC61F5DFDFC00753CF9 /* YouAreAwesome */ = {
			isa = PBXNativeTarget;
			buildConfigurationList = C16EEFEF1F5DFDFD00753CF9 /* Build configuration list for PBXNativeTarget "YouAreAwesome" */;
			buildPhases = (
				C16EEFC31F5DFDFC00753CF9 /* Sources */,
				C16EEFC41F5DFDFC00753CF9 /* Frameworks */,
				C16EEFC51F5DFDFC00753CF9 /* Resources */,
			);
			buildRules = (
			);
			dependencies = (
			);
			name = YouAreAwesome;
			productName = YouAreAwesome;
			productReference = C16EEFC71F5DFDFC00753CF9 /* YouAreAwesome.app */;
			productType = "com.apple.product-type.application";
		};
		C16EEFDA1F5DFDFC00753CF9 /* YouAreAwesomeTests */ = {
			isa = PBXNativeTarget;
			buildConfigurationList = C16EEFF21F5DFDFD00753CF9 /* Build configuration list for PBXNativeTarget "YouAreAwesomeTests" */;
			buildPhases = (
				C16EEFD71F5DFDFC00753CF9 /* Sources */,
				C16EEFD81F5DFDFC00753CF9 /* Frameworks */,
				C16EEFD91F5DFDFC00753CF9 /* Resources */,
			);
			buildRules = (
			);
			dependencies = (
				C16EEFDD1F5DFDFC00753CF9 /* PBXTargetDependency */,
			);
			name = YouAreAwesomeTests;
			productName = YouAreAwesomeTests;
			productReference = C16EEFDB1F5DFDFC00753CF9 /* YouAreAwesomeTests.xctest */;
			productType = "com.apple.product-type.bundle.unit-test";
		};
		C16EEFE51F5DFDFC00753CF9 /* YouAreAwesomeUITests */ = {
			isa = PBXNativeTarget;
			buildConfigurationList = C16EEFF51F5DFDFD00753CF9 /* Build configuration list for PBXNativeTarget "YouAreAwesomeUITests" */;
			buildPhases = (
				C16EEFE21F5DFDFC00753CF9 /* Sources */,
				C16EEFE31F5DFDFC00753CF9 /* Frameworks */,
				C16EEFE41F5DFDFC00753CF9 /* Resources */,
			);
			buildRules = (
			);
			dependencies = (
				C16EEFE81F5DFDFC00753CF9 /* PBXTargetDependency */,
			);
			name = YouAreAwesomeUITests;
			productName = YouAreAwesomeUITests;
			productReference = C16EEFE61F5DFDFC00753CF9 /* YouAreAwesomeUITests.xctest */;
			productType = "com.apple.product-type.bundle.ui-testing";
		};
/* End PBXNativeTarget section */

/* Begin PBXProject section */
		C16EEFBF1F5DFDFC00753CF9 /* Project object */ = {
			isa = PBXProject;
			attributes = {
				LastSwiftUpdateCheck = 0830;
				LastUpgradeCheck = 0830;
				ORGANIZATIONNAME = "Chris Chiang";
				TargetAttributes = {
					C16EEFC61F5DFDFC00753CF9 = {
						CreatedOnToolsVersion = 8.3.3;
						ProvisioningStyle = Automatic;
					};
					C16EEFDA1F5DFDFC00753CF9 = {
						CreatedOnToolsVersion = 8.3.3;
						ProvisioningStyle = Automatic;
						TestTargetID = C16EEFC61F5DFDFC00753CF9;
					};
					C16EEFE51F5DFDFC00753CF9 = {
						CreatedOnToolsVersion = 8.3.3;
						ProvisioningStyle = Automatic;
						TestTargetID = C16EEFC61F5DFDFC00753CF9;
					};
				};
			};
			buildConfigurationList = C16EEFC21F5DFDFC00753CF9 /* Build configuration list for PBXProject "YouAreAwesome" */;
			compatibilityVersion = "Xcode 3.2";
			developmentRegion = English;
			hasScannedForEncodings = 0;
			knownRegions = (
				en,
				Base,
			);
			mainGroup = C16EEFBE1F5DFDFC00753CF9;
			productRefGroup = C16EEFC81F5DFDFC00753CF9 /* Products */;
			projectDirPath = "";
			projectRoot = "";
			targets = (
				C16EEFC61F5DFDFC00753CF9 /* YouAreAwesome */,
				C16EEFDA1F5DFDFC00753CF9 /* YouAreAwesomeTests */,
				C16EEFE51F5DFDFC00753CF9 /* YouAreAwesomeUITests */,
			);
		};
/* End PBXProject section */

/* Begin PBXResourcesBuildPhase section */
		C16EEFC51F5DFDFC00753CF9 /* Resources */ = {
			isa = PBXResourcesBuildPhase;
			buildActionMask = 2147483647;
			files = (
				C16EEFD51F5DFDFC00753CF9 /* LaunchScreen.storyboard in Resources */,
				C16EEFD21F5DFDFC00753CF9 /* Assets.xcassets in Resources */,
				C16EEFD01F5DFDFC00753CF9 /* Main.storyboard in Resources */,
			);
			runOnlyForDeploymentPostprocessing = 0;
		};
		C16EEFD91F5DFDFC00753CF9 /* Resources */ = {
			isa = PBXResourcesBuildPhase;
			buildActionMask = 2147483647;
			files = (
			);
			runOnlyForDeploymentPostprocessing = 0;
		};
		C16EEFE41F5DFDFC00753CF9 /* Resources */ = {
			isa = PBXResourcesBuildPhase;
			buildActionMask = 2147483647;
			files = (
			);
			runOnlyForDeploymentPostprocessing = 0;
		};
/* End PBXResourcesBuildPhase section */

/* Begin PBXSourcesBuildPhase section */
		C16EEFC31F5DFDFC00753CF9 /* Sources */ = {
			isa = PBXSourcesBuildPhase;
			buildActionMask = 2147483647;
			files = (
				C16EEFCD1F5DFDFC00753CF9 /* ViewController.swift in Sources */,
				C16EEFCB1F5DFDFC00753CF9 /* AppDelegate.swift in Sources */,
			);
			runOnlyForDeploymentPostprocessing = 0;
		};
		C16EEFD71F5DFDFC00753CF9 /* Sources */ = {
			isa = PBXSourcesBuildPhase;
			buildActionMask = 2147483647;
			files = (
				C16EEFE01F5DFDFC00753CF9 /* YouAreAwesomeTests.swift in Sources */,
			);
			runOnlyForDeploymentPostprocessing = 0;
		};
		C16EEFE21F5DFDFC00753CF9 /* Sources */ = {
			isa = PBXSourcesBuildPhase;
			buildActionMask = 2147483647;
			files = (
				C16EEFEB1F5DFDFC00753CF9 /* YouAreAwesomeUITests.swift in Sources */,
			);
			runOnlyForDeploymentPostprocessing = 0;
		};
/* End PBXSourcesBuildPhase section */

/* Begin PBXTargetDependency section */
		C16EEFDD1F5DFDFC00753CF9 /* PBXTargetDependency */ = {
			isa = PBXTargetDependency;
			target = C16EEFC61F5DFDFC00753CF9 /* YouAreAwesome */;
			targetProxy = C16EEFDC1F5DFDFC00753CF9 /* PBXContainerItemProxy */;
		};
		C16EEFE81F5DFDFC00753CF9 /* PBXTargetDependency */ = {
			isa = PBXTargetDependency;
			target = C16EEFC61F5DFDFC00753CF9 /* YouAreAwesome */;
			targetProxy = C16EEFE71F5DFDFC00753CF9 /* PBXContainerItemProxy */;
		};
/* End PBXTargetDependency section */

/* Begin PBXVariantGroup section */
		C16EEFCE1F5DFDFC00753CF9 /* Main.storyboard */ = {
			isa = PBXVariantGroup;
			children = (
				C16EEFCF1F5DFDFC00753CF9 /* Base */,
			);
			name = Main.storyboard;
			sourceTree = "<group>";
		};
		C16EEFD31F5DFDFC00753CF9 /* LaunchScreen.storyboard */ = {
			isa = PBXVariantGroup;
			children = (
				C16EEFD41F5DFDFC00753CF9 /* Base */,
			);
			name = LaunchScreen.storyboard;
			sourceTree = "<group>";
		};
/* End PBXVariantGroup section */

/* Begin XCBuildConfiguration section */
		C16EEFED1F5DFDFD00753CF9 /* Debug */ = {
			isa = XCBuildConfiguration;
			buildSettings = {
				ALWAYS_SEARCH_USER_PATHS = NO;
				CLANG_ANALYZER_NONNULL = YES;
				CLANG_ANALYZER_NUMBER_OBJECT_CONVERSION = YES_AGGRESSIVE;
				CLANG_CXX_LANGUAGE_STANDARD = "gnu++0x";
				CLANG_CXX_LIBRARY = "libc++";
				CLANG_ENABLE_MODULES = YES;
				CLANG_ENABLE_OBJC_ARC = YES;
				CLANG_WARN_BOOL_CONVERSION = YES;
				CLANG_WARN_CONSTANT_CONVERSION = YES;
				CLANG_WARN_DIRECT_OBJC_ISA_USAGE = YES_ERROR;
				CLANG_WARN_DOCUMENTATION_COMMENTS = YES;
				CLANG_WARN_EMPTY_BODY = YES;
				CLANG_WARN_ENUM_CONVERSION = YES;
				CLANG_WARN_INFINITE_RECURSION = YES;
				CLANG_WARN_INT_CONVERSION = YES;
				CLANG_WARN_OBJC_ROOT_CLASS = YES_ERROR;
				CLANG_WARN_SUSPICIOUS_MOVE = YES;
				CLANG_WARN_UNREACHABLE_CODE = YES;
				CLANG_WARN__DUPLICATE_METHOD_MATCH = YES;
				"CODE_SIGN_IDENTITY[sdk=iphoneos*]" = "iPhone Developer";
				COPY_PHASE_STRIP = NO;
				DEBUG_INFORMATION_FORMAT = dwarf;
				ENABLE_STRICT_OBJC_MSGSEND = YES;
				ENABLE_TESTABILITY = YES;
				GCC_C_LANGUAGE_STANDARD = gnu99;
				GCC_DYNAMIC_NO_PIC = NO;
				GCC_NO_COMMON_BLOCKS = YES;
				GCC_OPTIMIZATION_LEVEL = 0;
				GCC_PREPROCESSOR_DEFINITIONS = (
					"DEBUG=1",
					"$(inherited)",
				);
				GCC_WARN_64_TO_32_BIT_CONVERSION = YES;
				GCC_WARN_ABOUT_RETURN_TYPE = YES_ERROR;
				GCC_WARN_UNDECLARED_SELECTOR = YES;
				GCC_WARN_UNINITIALIZED_AUTOS = YES_AGGRESSIVE;
				GCC_WARN_UNUSED_FUNCTION = YES;
				GCC_WARN_UNUSED_VARIABLE = YES;
				IPHONEOS_DEPLOYMENT_TARGET = 10.3;
				MTL_ENABLE_DEBUG_INFO = YES;
				ONLY_ACTIVE_ARCH = YES;
				SDKROOT = iphoneos;
				SWIFT_ACTIVE_COMPILATION_CONDITIONS = DEBUG;
				SWIFT_OPTIMIZATION_LEVEL = "-Onone";
				TARGETED_DEVICE_FAMILY = "1,2";
			};
			name = Debug;
		};
		C16EEFEE1F5DFDFD00753CF9 /* Release */ = {
			isa = XCBuildConfiguration;
			buildSettings = {
				ALWAYS_SEARCH_USER_PATHS = NO;
				CLANG_ANALYZER_NONNULL = YES;
				CLANG_ANALYZER_NUMBER_OBJECT_CONVERSION = YES_AGGRESSIVE;
				CLANG_CXX_LANGUAGE_STANDARD = "gnu++0x";
				CLANG_CXX_LIBRARY = "libc++";
				CLANG_ENABLE_MODULES = YES;
				CLANG_ENABLE_OBJC_ARC = YES;
				CLANG_WARN_BOOL_CONVERSION = YES;
				CLANG_WARN_CONSTANT_CONVERSION = YES;
				CLANG_WARN_DIRECT_OBJC_ISA_USAGE = YES_ERROR;
				CLANG_WARN_DOCUMENTATION_COMMENTS = YES;
				CLANG_WARN_EMPTY_BODY = YES;
				CLANG_WARN_ENUM_CONVERSION = YES;
				CLANG_WARN_INFINITE_RECURSION = YES;
				CLANG_WARN_INT_CONVERSION = YES;
				CLANG_WARN_OBJC_ROOT_CLASS = YES_ERROR;
				CLANG_WARN_SUSPICIOUS_MOVE = YES;
				CLANG_WARN_UNREACHABLE_CODE = YES;
				CLANG_WARN__DUPLICATE_METHOD_MATCH = YES;
				"CODE_SIGN_IDENTITY[sdk=iphoneos*]" = "iPhone Developer";
				COPY_PHASE_STRIP = NO;
				DEBUG_INFORMATION_FORMAT = "dwarf-with-dsym";
				ENABLE_NS_ASSERTIONS = NO;
				ENABLE_STRICT_OBJC_MSGSEND = YES;
				GCC_C_LANGUAGE_STANDARD = gnu99;
				GCC_NO_COMMON_BLOCKS = YES;
				GCC_WARN_64_TO_32_BIT_CONVERSION = YES;
				GCC_WARN_ABOUT_RETURN_TYPE = YES_ERROR;
				GCC_WARN_UNDECLARED_SELECTOR = YES;
				GCC_WARN_UNINITIALIZED_AUTOS = YES_AGGRESSIVE;
				GCC_WARN_UNUSED_FUNCTION = YES;
				GCC_WARN_UNUSED_VARIABLE = YES;
				IPHONEOS_DEPLOYMENT_TARGET = 10.3;
				MTL_ENABLE_DEBUG_INFO = NO;
				SDKROOT = iphoneos;
				SWIFT_OPTIMIZATION_LEVEL = "-Owholemodule";
				TARGETED_DEVICE_FAMILY = "1,2";
				VALIDATE_PRODUCT = YES;
			};
			name = Release;
		};
		C16EEFF01F5DFDFD00753CF9 /* Debug */ = {
			isa = XCBuildConfiguration;
			buildSettings = {
				ASSETCATALOG_COMPILER_APPICON_NAME = AppIcon;
				INFOPLIST_FILE = YouAreAwesome/Info.plist;
				IPHONEOS_DEPLOYMENT_TARGET = 11.0;
				LD_RUNPATH_SEARCH_PATHS = "$(inherited) @executable_path/Frameworks";
				PRODUCT_BUNDLE_IDENTIFIER = ChrisChiang.YouAreAwesome;
				PRODUCT_NAME = "$(TARGET_NAME)";
				SWIFT_VERSION = 3.0;
			};
			name = Debug;
		};
		C16EEFF11F5DFDFD00753CF9 /* Release */ = {
			isa = XCBuildConfiguration;
			buildSettings = {
				ASSETCATALOG_COMPILER_APPICON_NAME = AppIcon;
				INFOPLIST_FILE = YouAreAwesome/Info.plist;
				IPHONEOS_DEPLOYMENT_TARGET = 11.0;
				LD_RUNPATH_SEARCH_PATHS = "$(inherited) @executable_path/Frameworks";
				PRODUCT_BUNDLE_IDENTIFIER = ChrisChiang.YouAreAwesome;
				PRODUCT_NAME = "$(TARGET_NAME)";
				SWIFT_VERSION = 3.0;
			};
			name = Release;
		};
		C16EEFF31F5DFDFD00753CF9 /* Debug */ = {
			isa = XCBuildConfiguration;
			buildSettings = {
				ALWAYS_EMBED_SWIFT_STANDARD_LIBRARIES = YES;
				BUNDLE_LOADER = "$(TEST_HOST)";
				INFOPLIST_FILE = YouAreAwesomeTests/Info.plist;
				LD_RUNPATH_SEARCH_PATHS = "$(inherited) @executable_path/Frameworks @loader_path/Frameworks";
				PRODUCT_BUNDLE_IDENTIFIER = ChrisChiang.YouAreAwesomeTests;
				PRODUCT_NAME = "$(TARGET_NAME)";
				SWIFT_VERSION = 3.0;
				TEST_HOST = "$(BUILT_PRODUCTS_DIR)/YouAreAwesome.app/YouAreAwesome";
			};
			name = Debug;
		};
		C16EEFF41F5DFDFD00753CF9 /* Release */ = {
			isa = XCBuildConfiguration;
			buildSettings = {
				ALWAYS_EMBED_SWIFT_STANDARD_LIBRARIES = YES;
				BUNDLE_LOADER = "$(TEST_HOST)";
				INFOPLIST_FILE = YouAreAwesomeTests/Info.plist;
				LD_RUNPATH_SEARCH_PATHS = "$(inherited) @executable_path/Frameworks @loader_path/Frameworks";
				PRODUCT_BUNDLE_IDENTIFIER = ChrisChiang.YouAreAwesomeTests;
				PRODUCT_NAME = "$(TARGET_NAME)";
				SWIFT_VERSION = 3.0;
				TEST_HOST = "$(BUILT_PRODUCTS_DIR)/YouAreAwesome.app/YouAreAwesome";
			};
			name = Release;
		};
		C16EEFF61F5DFDFD00753CF9 /* Debug */ = {
			isa = XCBuildConfiguration;
			buildSettings = {
				ALWAYS_EMBED_SWIFT_STANDARD_LIBRARIES = YES;
				INFOPLIST_FILE = YouAreAwesomeUITests/Info.plist;
				LD_RUNPATH_SEARCH_PATHS = "$(inherited) @executable_path/Frameworks @loader_path/Frameworks";
				PRODUCT_BUNDLE_IDENTIFIER = ChrisChiang.YouAreAwesomeUITests;
				PRODUCT_NAME = "$(TARGET_NAME)";
				SWIFT_VERSION = 3.0;
				TEST_TARGET_NAME = YouAreAwesome;
			};
			name = Debug;
		};
		C16EEFF71F5DFDFD00753CF9 /* Release */ = {
			isa = XCBuildConfiguration;
			buildSettings = {
				ALWAYS_EMBED_SWIFT_STANDARD_LIBRARIES = YES;
				INFOPLIST_FILE = YouAreAwesomeUITests/Info.plist;
				LD_RUNPATH_SEARCH_PATHS = "$(inherited) @executable_path/Frameworks @loader_path/Frameworks";
				PRODUCT_BUNDLE_IDENTIFIER = ChrisChiang.YouAreAwesomeUITests;
				PRODUCT_NAME = "$(TARGET_NAME)";
				SWIFT_VERSION = 3.0;
				TEST_TARGET_NAME = YouAreAwesome;
			};
			name = Release;
		};
/* End XCBuildConfiguration section */

/* Begin XCConfigurationList section */
		C16EEFC21F5DFDFC00753CF9 /* Build configuration list for PBXProject "YouAreAwesome" */ = {
			isa = XCConfigurationList;
			buildConfigurations = (
				C16EEFED1F5DFDFD00753CF9 /* Debug */,
				C16EEFEE1F5DFDFD00753CF9 /* Release */,
			);
			defaultConfigurationIsVisible = 0;
			defaultConfigurationName = Release;
		};
		C16EEFEF1F5DFDFD00753CF9 /* Build configuration list for PBXNativeTarget "YouAreAwesome" */ = {
			isa = XCConfigurationList;
			buildConfigurations = (
				C16EEFF01F5DFDFD00753CF9 /* Debug */,
				C16EEFF11F5DFDFD00753CF9 /* Release */,
			);
			defaultConfigurationIsVisible = 0;
			defaultConfigurationName = Release;
		};
		C16EEFF21F5DFDFD00753CF9 /* Build configuration list for PBXNativeTarget "YouAreAwesomeTests" */ = {
			isa = XCConfigurationList;
			buildConfigurations = (
				C16EEFF31F5DFDFD00753CF9 /* Debug */,
				C16EEFF41F5DFDFD00753CF9 /* Release */,
			);
			defaultConfigurationIsVisible = 0;
			defaultConfigurationName = Release;
		};
		C16EEFF51F5DFDFD00753CF9 /* Build configuration list for PBXNativeTarget "YouAreAwesomeUITests" */ = {
			isa = XCConfigurationList;
			buildConfigurations = (
				C16EEFF61F5DFDFD00753CF9 /* Debug */,
				C16EEFF71F5DFDFD00753CF9 /* Release */,
			);
			defaultConfigurationIsVisible = 0;
			defaultConfigurationName = Release;
		};
/* End XCConfigurationList section */
	};
	rootObject = C16EEFBF1F5DFDFC00753CF9 /* Project object */;
}
